
Microsoft Visual Studio Solution File, Format Version 12.00
# Visual Studio Version 17
VisualStudioVersion = 17.12.35506.116
MinimumVisualStudioVersion = 10.0.40219.1
Project("{A07B5EB6-E848-4116-A8D0-A826331D98C6}") = "transaction", "transaction\transaction.sfproj", "{9C7D558B-D65C-4257-B095-A58B8100CCAF}"
EndProject
Project("{FAE04EC0-301F-11D3-BF4B-00C04F79EFBC}") = "Bank", "bank\Bank.csproj", "{FC39FB2E-30F5-4F91-9F29-40706CDE5F65}"
EndProject
Project("{FAE04EC0-301F-11D3-BF4B-00C04F79EFBC}") = "TransactionCoordinator", "TransactionCoordinator\TransactionCoordinator.csproj", "{5153635C-CB34-42FB-9088-B64E22B6A92C}"
EndProject
Project("{FAE04EC0-301F-11D3-BF4B-00C04F79EFBC}") = "Common", "Common\Common.csproj", "{99935DD9-4D62-471F-9A15-AB9450FFB006}"
EndProject
Project("{FAE04EC0-301F-11D3-BF4B-00C04F79EFBC}") = "Booksotre", "booksotre\Booksotre.csproj", "{1E178C22-F684-45C4-BEC3-15AD69EFA63D}"
EndProject
Project("{FAE04EC0-301F-11D3-BF4B-00C04F79EFBC}") = "Validation", "validation\Validation.csproj", "{17D8B012-097E-4BD1-B270-FC80A5EFB06C}"
EndProject
Project("{FAE04EC0-301F-11D3-BF4B-00C04F79EFBC}") = "Client", "Client\Client.csproj", "{57990729-99EE-4527-99D1-12542A7D1351}"
EndProject
Project("{FAE04EC0-301F-11D3-BF4B-00C04F79EFBC}") = "MemoryStore", "MemoryStore\MemoryStore.csproj", "{F6E8CD86-1662-4B8D-AC1E-EA5D0F6C6BBF}"
EndProject
Global
	GlobalSection(SolutionConfigurationPlatforms) = preSolution
		Debug|Any CPU = Debug|Any CPU
		Debug|x64 = Debug|x64
		Release|Any CPU = Release|Any CPU
		Release|x64 = Release|x64
	EndGlobalSection
	GlobalSection(ProjectConfigurationPlatforms) = postSolution
		{9C7D558B-D65C-4257-B095-A58B8100CCAF}.Debug|Any CPU.ActiveCfg = Debug|x64
		{9C7D558B-D65C-4257-B095-A58B8100CCAF}.Debug|Any CPU.Build.0 = Debug|x64
		{9C7D558B-D65C-4257-B095-A58B8100CCAF}.Debug|Any CPU.Deploy.0 = Debug|x64
		{9C7D558B-D65C-4257-B095-A58B8100CCAF}.Debug|x64.ActiveCfg = Debug|x64
		{9C7D558B-D65C-4257-B095-A58B8100CCAF}.Debug|x64.Build.0 = Debug|x64
		{9C7D558B-D65C-4257-B095-A58B8100CCAF}.Debug|x64.Deploy.0 = Debug|x64
		{9C7D558B-D65C-4257-B095-A58B8100CCAF}.Release|Any CPU.ActiveCfg = Release|x64
		{9C7D558B-D65C-4257-B095-A58B8100CCAF}.Release|Any CPU.Build.0 = Release|x64
		{9C7D558B-D65C-4257-B095-A58B8100CCAF}.Release|Any CPU.Deploy.0 = Release|x64
		{9C7D558B-D65C-4257-B095-A58B8100CCAF}.Release|x64.ActiveCfg = Release|x64
		{9C7D558B-D65C-4257-B095-A58B8100CCAF}.Release|x64.Build.0 = Release|x64
		{9C7D558B-D65C-4257-B095-A58B8100CCAF}.Release|x64.Deploy.0 = Release|x64
		{FC39FB2E-30F5-4F91-9F29-40706CDE5F65}.Debug|Any CPU.ActiveCfg = Debug|Any CPU
		{FC39FB2E-30F5-4F91-9F29-40706CDE5F65}.Debug|Any CPU.Build.0 = Debug|Any CPU
		{FC39FB2E-30F5-4F91-9F29-40706CDE5F65}.Debug|x64.ActiveCfg = Debug|Any CPU
		{FC39FB2E-30F5-4F91-9F29-40706CDE5F65}.Debug|x64.Build.0 = Debug|Any CPU
		{FC39FB2E-30F5-4F91-9F29-40706CDE5F65}.Release|Any CPU.ActiveCfg = Release|Any CPU
		{FC39FB2E-30F5-4F91-9F29-40706CDE5F65}.Release|Any CPU.Build.0 = Release|Any CPU
		{FC39FB2E-30F5-4F91-9F29-40706CDE5F65}.Release|x64.ActiveCfg = Release|Any CPU
		{FC39FB2E-30F5-4F91-9F29-40706CDE5F65}.Release|x64.Build.0 = Release|Any CPU
		{5153635C-CB34-42FB-9088-B64E22B6A92C}.Debug|Any CPU.ActiveCfg = Debug|Any CPU
		{5153635C-CB34-42FB-9088-B64E22B6A92C}.Debug|Any CPU.Build.0 = Debug|Any CPU
		{5153635C-CB34-42FB-9088-B64E22B6A92C}.Debug|x64.ActiveCfg = Debug|Any CPU
		{5153635C-CB34-42FB-9088-B64E22B6A92C}.Debug|x64.Build.0 = Debug|Any CPU
		{5153635C-CB34-42FB-9088-B64E22B6A92C}.Release|Any CPU.ActiveCfg = Release|Any CPU
		{5153635C-CB34-42FB-9088-B64E22B6A92C}.Release|Any CPU.Build.0 = Release|Any CPU
		{5153635C-CB34-42FB-9088-B64E22B6A92C}.Release|x64.ActiveCfg = Release|Any CPU
		{5153635C-CB34-42FB-9088-B64E22B6A92C}.Release|x64.Build.0 = Release|Any CPU
		{99935DD9-4D62-471F-9A15-AB9450FFB006}.Debug|Any CPU.ActiveCfg = Debug|Any CPU
		{99935DD9-4D62-471F-9A15-AB9450FFB006}.Debug|Any CPU.Build.0 = Debug|Any CPU
		{99935DD9-4D62-471F-9A15-AB9450FFB006}.Debug|x64.ActiveCfg = Debug|Any CPU
		{99935DD9-4D62-471F-9A15-AB9450FFB006}.Debug|x64.Build.0 = Debug|Any CPU
		{99935DD9-4D62-471F-9A15-AB9450FFB006}.Release|Any CPU.ActiveCfg = Release|Any CPU
		{99935DD9-4D62-471F-9A15-AB9450FFB006}.Release|Any CPU.Build.0 = Release|Any CPU
		{99935DD9-4D62-471F-9A15-AB9450FFB006}.Release|x64.ActiveCfg = Release|Any CPU
		{99935DD9-4D62-471F-9A15-AB9450FFB006}.Release|x64.Build.0 = Release|Any CPU
		{1E178C22-F684-45C4-BEC3-15AD69EFA63D}.Debug|Any CPU.ActiveCfg = Debug|Any CPU
		{1E178C22-F684-45C4-BEC3-15AD69EFA63D}.Debug|Any CPU.Build.0 = Debug|Any CPU
		{1E178C22-F684-45C4-BEC3-15AD69EFA63D}.Debug|x64.ActiveCfg = Debug|Any CPU
		{1E178C22-F684-45C4-BEC3-15AD69EFA63D}.Debug|x64.Build.0 = Debug|Any CPU
		{1E178C22-F684-45C4-BEC3-15AD69EFA63D}.Release|Any CPU.ActiveCfg = Release|Any CPU
		{1E178C22-F684-45C4-BEC3-15AD69EFA63D}.Release|Any CPU.Build.0 = Release|Any CPU
		{1E178C22-F684-45C4-BEC3-15AD69EFA63D}.Release|x64.ActiveCfg = Release|Any CPU
		{1E178C22-F684-45C4-BEC3-15AD69EFA63D}.Release|x64.Build.0 = Release|Any CPU
		{17D8B012-097E-4BD1-B270-FC80A5EFB06C}.Debug|Any CPU.ActiveCfg = Debug|Any CPU
		{17D8B012-097E-4BD1-B270-FC80A5EFB06C}.Debug|Any CPU.Build.0 = Debug|Any CPU
		{17D8B012-097E-4BD1-B270-FC80A5EFB06C}.Debug|x64.ActiveCfg = Debug|Any CPU
		{17D8B012-097E-4BD1-B270-FC80A5EFB06C}.Debug|x64.Build.0 = Debug|Any CPU
		{17D8B012-097E-4BD1-B270-FC80A5EFB06C}.Release|Any CPU.ActiveCfg = Release|Any CPU
		{17D8B012-097E-4BD1-B270-FC80A5EFB06C}.Release|Any CPU.Build.0 = Release|Any CPU
		{17D8B012-097E-4BD1-B270-FC80A5EFB06C}.Release|x64.ActiveCfg = Release|Any CPU
		{17D8B012-097E-4BD1-B270-FC80A5EFB06C}.Release|x64.Build.0 = Release|Any CPU
		{57990729-99EE-4527-99D1-12542A7D1351}.Debug|Any CPU.ActiveCfg = Debug|Any CPU
		{57990729-99EE-4527-99D1-12542A7D1351}.Debug|Any CPU.Build.0 = Debug|Any CPU
		{57990729-99EE-4527-99D1-12542A7D1351}.Debug|x64.ActiveCfg = Debug|Any CPU
		{57990729-99EE-4527-99D1-12542A7D1351}.Debug|x64.Build.0 = Debug|Any CPU
		{57990729-99EE-4527-99D1-12542A7D1351}.Release|Any CPU.ActiveCfg = Release|Any CPU
		{57990729-99EE-4527-99D1-12542A7D1351}.Release|Any CPU.Build.0 = Release|Any CPU
		{57990729-99EE-4527-99D1-12542A7D1351}.Release|x64.ActiveCfg = Release|Any CPU
		{57990729-99EE-4527-99D1-12542A7D1351}.Release|x64.Build.0 = Release|Any CPU
		{F6E8CD86-1662-4B8D-AC1E-EA5D0F6C6BBF}.Debug|Any CPU.ActiveCfg = Debug|Any CPU
		{F6E8CD86-1662-4B8D-AC1E-EA5D0F6C6BBF}.Debug|Any CPU.Build.0 = Debug|Any CPU
		{F6E8CD86-1662-4B8D-AC1E-EA5D0F6C6BBF}.Debug|x64.ActiveCfg = Debug|Any CPU
		{F6E8CD86-1662-4B8D-AC1E-EA5D0F6C6BBF}.Debug|x64.Build.0 = Debug|Any CPU
		{F6E8CD86-1662-4B8D-AC1E-EA5D0F6C6BBF}.Release|Any CPU.ActiveCfg = Release|Any CPU
		{F6E8CD86-1662-4B8D-AC1E-EA5D0F6C6BBF}.Release|Any CPU.Build.0 = Release|Any CPU
		{F6E8CD86-1662-4B8D-AC1E-EA5D0F6C6BBF}.Release|x64.ActiveCfg = Release|Any CPU
		{F6E8CD86-1662-4B8D-AC1E-EA5D0F6C6BBF}.Release|x64.Build.0 = Release|Any CPU
	EndGlobalSection
	GlobalSection(SolutionProperties) = preSolution
		HideSolutionNode = FALSE
	EndGlobalSection
EndGlobal
